
Microsoft Visual Studio Solution File, Format Version 12.00
# Visual Studio 2012
Project("{FAE04EC0-301F-11D3-BF4B-00C04F79EFBC}") = "Proveedores", "Proveedores\Proveedores.csproj", "{8CB112E4-1D31-411F-8DFF-CF5B1373BF57}"
EndProject
Project("{FAE04EC0-301F-11D3-BF4B-00C04F79EFBC}") = "PEntidades", "PEntidades\PEntidades.csproj", "{0F8AA762-FFEB-4044-8AA8-980DDA28A04F}"
EndProject
Project("{FAE04EC0-301F-11D3-BF4B-00C04F79EFBC}") = "PPersistencia", "PPersistencia\PPersistencia.csproj", "{C673E21E-577D-4C85-8439-1066F4D3EFB2}"
EndProject
Project("{FAE04EC0-301F-11D3-BF4B-00C04F79EFBC}") = "PNegocio", "PNegocio\PNegocio.csproj", "{26C0C58F-2D71-4CA5-8427-5A25F9DEC028}"
EndProject
Global
	GlobalSection(SolutionConfigurationPlatforms) = preSolution
		Debug|Any CPU = Debug|Any CPU
		Release|Any CPU = Release|Any CPU
	EndGlobalSection
	GlobalSection(ProjectConfigurationPlatforms) = postSolution
		{8CB112E4-1D31-411F-8DFF-CF5B1373BF57}.Debug|Any CPU.ActiveCfg = Debug|Any CPU
		{8CB112E4-1D31-411F-8DFF-CF5B1373BF57}.Debug|Any CPU.Build.0 = Debug|Any CPU
		{8CB112E4-1D31-411F-8DFF-CF5B1373BF57}.Release|Any CPU.ActiveCfg = Release|Any CPU
		{8CB112E4-1D31-411F-8DFF-CF5B1373BF57}.Release|Any CPU.Build.0 = Release|Any CPU
		{0F8AA762-FFEB-4044-8AA8-980DDA28A04F}.Debug|Any CPU.ActiveCfg = Debug|Any CPU
		{0F8AA762-FFEB-4044-8AA8-980DDA28A04F}.Debug|Any CPU.Build.0 = Debug|Any CPU
		{0F8AA762-FFEB-4044-8AA8-980DDA28A04F}.Release|Any CPU.ActiveCfg = Release|Any CPU
		{0F8AA762-FFEB-4044-8AA8-980DDA28A04F}.Release|Any CPU.Build.0 = Release|Any CPU
		{C673E21E-577D-4C85-8439-1066F4D3EFB2}.Debug|Any CPU.ActiveCfg = Debug|Any CPU
		{C673E21E-577D-4C85-8439-1066F4D3EFB2}.Debug|Any CPU.Build.0 = Debug|Any CPU
		{C673E21E-577D-4C85-8439-1066F4D3EFB2}.Release|Any CPU.ActiveCfg = Release|Any CPU
		{C673E21E-577D-4C85-8439-1066F4D3EFB2}.Release|Any CPU.Build.0 = Release|Any CPU
		{26C0C58F-2D71-4CA5-8427-5A25F9DEC028}.Debug|Any CPU.ActiveCfg = Debug|Any CPU
		{26C0C58F-2D71-4CA5-8427-5A25F9DEC028}.Debug|Any CPU.Build.0 = Debug|Any CPU
		{26C0C58F-2D71-4CA5-8427-5A25F9DEC028}.Release|Any CPU.ActiveCfg = Release|Any CPU
		{26C0C58F-2D71-4CA5-8427-5A25F9DEC028}.Release|Any CPU.Build.0 = Release|Any CPU
	EndGlobalSection
	GlobalSection(SolutionProperties) = preSolution
		HideSolutionNode = FALSE
	EndGlobalSection
EndGlobal
